// !$*UTF8*$!
{
	archiveVersion = 1;
	classes = {
	};
	objectVersion = 77;
	objects = {

/* Begin PBXContainerItemProxy section */
		C49DEA0C2F338E2300111227 /* PBXContainerItemProxy */ = {
			isa = PBXContainerItemProxy;
			containerPortal = C49DE9F62F338E2200111227 /* Project object */;
			proxyType = 1;
			remoteGlobalIDString = C49DE9FD2F338E2200111227;
			remoteInfo = MobileBankIOS;
		};
		C49DEA162F338E2300111227 /* PBXContainerItemProxy */ = {
			isa = PBXContainerItemProxy;
			containerPortal = C49DE9F62F338E2200111227 /* Project object */;
			proxyType = 1;
			remoteGlobalIDString = C49DE9FD2F338E2200111227;
			remoteInfo = MobileBankIOS;
		};
/* End PBXContainerItemProxy section */

/* Begin PBXFileReference section */
		C49DE9FE2F338E2200111227 /* MobileBankIOS.app */ = {isa = PBXFileReference; explicitFileType = wrapper.application; includeInIndex = 0; path = MobileBankIOS.app; sourceTree = BUILT_PRODUCTS_DIR; };
		C49DEA0B2F338E2300111227 /* MobileBankIOSTests.xctest */ = {isa = PBXFileReference; explicitFileType = wrapper.cfbundle; includeInIndex = 0; path = MobileBankIOSTests.xctest; sourceTree = BUILT_PRODUCTS_DIR; };
		C49DEA152F338E2300111227 /* MobileBankIOSUITests.xctest */ = {isa = PBXFileReference; explicitFileType = wrapper.cfbundle; includeInIndex = 0; path = MobileBankIOSUITests.xctest; sourceTree = BUILT_PRODUCTS_DIR; };
/* End PBXFileReference section */

/* Begin PBXFileSystemSynchronizedRootGroup section */
		C49DEA002F338E2200111227 /* MobileBankIOS */ = {
			isa = PBXFileSystemSynchronizedRootGroup;
			path = MobileBankIOS;
			sourceTree = "<group>";
		};
		C49DEA0E2F338E2300111227 /* MobileBankIOSTests */ = {
			isa = PBXFileSystemSynchronizedRootGroup;
			path = MobileBankIOSTests;
			sourceTree = "<group>";
		};
		C49DEA182F338E2300111227 /* MobileBankIOSUITests */ = {
			isa = PBXFileSystemSynchronizedRootGroup;
			path = MobileBankIOSUITests;
			sourceTree = "<group>";
		};
/* End PBXFileSystemSynchronizedRootGroup section */

/* Begin PBXFrameworksBuildPhase section */
		C49DE9FB2F338E2200111227 /* Frameworks */ = {
			isa = PBXFrameworksBuildPhase;
			buildActionMask = 2147483647;
			files = (
			);
			runOnlyForDeploymentPostprocessing = 0;
		};
		C49DEA082F338E2300111227 /* Frameworks */ = {
			isa = PBXFrameworksBuildPhase;
			buildActionMask = 2147483647;
			files = (
			);
			runOnlyForDeploymentPostprocessing = 0;
		};
		C49DEA122F338E2300111227 /* Frameworks */ = {
			isa = PBXFrameworksBuildPhase;
			buildActionMask = 2147483647;
			files = (
			);
			runOnlyForDeploymentPostprocessing = 0;
		};
/* End PBXFrameworksBuildPhase section */

/* Begin PBXGroup section */
		C49DE9F52F338E2200111227 = {
			isa = PBXGroup;
			children = (
				C49DEA002F338E2200111227 /* MobileBankIOS */,
				C49DEA0E2F338E2300111227 /* MobileBankIOSTests */,
				C49DEA182F338E2300111227 /* MobileBankIOSUITests */,
				C49DE9FF2F338E2200111227 /* Products */,
			);
			sourceTree = "<group>";
		};
		C49DE9FF2F338E2200111227 /* Products */ = {
			isa = PBXGroup;
			children = (
				C49DE9FE2F338E2200111227 /* MobileBankIOS.app */,
				C49DEA0B2F338E2300111227 /* MobileBankIOSTests.xctest */,
				C49DEA152F338E2300111227 /* MobileBankIOSUITests.xctest */,
			);
			name = Products;
			sourceTree = "<group>";
		};
/* End PBXGroup section */

/* Begin PBXNativeTarget section */
		C49DE9FD2F338E2200111227 /* MobileBankIOS */ = {
			isa = PBXNativeTarget;
			buildConfigurationList = C49DEA1F2F338E2300111227 /* Build configuration list for PBXNativeTarget "MobileBankIOS" */;
			buildPhases = (
				C49DE9FA2F338E2200111227 /* Sources */,
				C49DE9FB2F338E2200111227 /* Frameworks */,
				C49DE9FC2F338E2200111227 /* Resources */,
			);
			buildRules = (
			);
			dependencies = (
			);
			fileSystemSynchronizedGroups = (
				C49DEA002F338E2200111227 /* MobileBankIOS */,
			);
			name = MobileBankIOS;
			packageProductDependencies = (
			);
			productName = MobileBankIOS;
			productReference = C49DE9FE2F338E2200111227 /* MobileBankIOS.app */;
			productType = "com.apple.product-type.application";
		};
		C49DEA0A2F338E2300111227 /* MobileBankIOSTests */ = {
			isa = PBXNativeTarget;
			buildConfigurationList = C49DEA222F338E2300111227 /* Build configuration list for PBXNativeTarget "MobileBankIOSTests" */;
			buildPhases = (
				C49DEA072F338E2300111227 /* Sources */,
				C49DEA082F338E2300111227 /* Frameworks */,
				C49DEA092F338E2300111227 /* Resources */,
			);
			buildRules = (
			);
			dependencies = (
				C49DEA0D2F338E2300111227 /* PBXTargetDependency */,
			);
			fileSystemSynchronizedGroups = (
				C49DEA0E2F338E2300111227 /* MobileBankIOSTests */,
			);
			name = MobileBankIOSTests;
			packageProductDependencies = (
			);
			productName = MobileBankIOSTests;
			productReference = C49DEA0B2F338E2300111227 /* MobileBankIOSTests.xctest */;
			productType = "com.apple.product-type.bundle.unit-test";
		};
		C49DEA142F338E2300111227 /* MobileBankIOSUITests */ = {
			isa = PBXNativeTarget;
			buildConfigurationList = C49DEA252F338E2300111227 /* Build configuration list for PBXNativeTarget "MobileBankIOSUITests" */;
			buildPhases = (
				C49DEA112F338E2300111227 /* Sources */,
				C49DEA122F338E2300111227 /* Frameworks */,
				C49DEA132F338E2300111227 /* Resources */,
			);
			buildRules = (
			);
			dependencies = (
				C49DEA172F338E2300111227 /* PBXTargetDependency */,
			);
			fileSystemSynchronizedGroups = (
				C49DEA182F338E2300111227 /* MobileBankIOSUITests */,
			);
			name = MobileBankIOSUITests;
			packageProductDependencies = (
			);
			productName = MobileBankIOSUITests;
			productReference = C49DEA152F338E2300111227 /* MobileBankIOSUITests.xctest */;
			productType = "com.apple.product-type.bundle.ui-testing";
		};
/* End PBXNativeTarget section */

/* Begin PBXProject section */
		C49DE9F62F338E2200111227 /* Project object */ = {
			isa = PBXProject;
			attributes = {
				BuildIndependentTargetsInParallel = 1;
				LastSwiftUpdateCheck = 1640;
				LastUpgradeCheck = 1640;
				TargetAttributes = {
					C49DE9FD2F338E2200111227 = {
						CreatedOnToolsVersion = 16.4;
					};
					C49DEA0A2F338E2300111227 = {
						CreatedOnToolsVersion = 16.4;
						TestTargetID = C49DE9FD2F338E2200111227;
					};
					C49DEA142F338E2300111227 = {
						CreatedOnToolsVersion = 16.4;
						TestTargetID = C49DE9FD2F338E2200111227;
					};
				};
			};
			buildConfigurationList = C49DE9F92F338E2200111227 /* Build configuration list for PBXProject "MobileBankIOS" */;
			developmentRegion = en;
			hasScannedForEncodings = 0;
			knownRegions = (
				en,
				Base,
			);
			mainGroup = C49DE9F52F338E2200111227;
			minimizedProjectReferenceProxies = 1;
			preferredProjectObjectVersion = 77;
			productRefGroup = C49DE9FF2F338E2200111227 /* Products */;
			projectDirPath = "";
			projectRoot = "";
			targets = (
				C49DE9FD2F338E2200111227 /* MobileBankIOS */,
				C49DEA0A2F338E2300111227 /* MobileBankIOSTests */,
				C49DEA142F338E2300111227 /* MobileBankIOSUITests */,
			);
		};
/* End PBXProject section */

/* Begin PBXResourcesBuildPhase section */
		C49DE9FC2F338E2200111227 /* Resources */ = {
			isa = PBXResourcesBuildPhase;
			buildActionMask = 2147483647;
			files = (
			);
			runOnlyForDeploymentPostprocessing = 0;
		};
		C49DEA092F338E2300111227 /* Resources */ = {
			isa = PBXResourcesBuildPhase;
			buildActionMask = 2147483647;
			files = (
			);
			runOnlyForDeploymentPostprocessing = 0;
		};
		C49DEA132F338E2300111227 /* Resources */ = {
			isa = PBXResourcesBuildPhase;
			buildActionMask = 2147483647;
			files = (
			);
			runOnlyForDeploymentPostprocessing = 0;
		};
/* End PBXResourcesBuildPhase section */

/* Begin PBXSourcesBuildPhase section */
		C49DE9FA2F338E2200111227 /* Sources */ = {
			isa = PBXSourcesBuildPhase;
			buildActionMask = 2147483647;
			files = (
			);
			runOnlyForDeploymentPostprocessing = 0;
		};
		C49DEA072F338E2300111227 /* Sources */ = {
			isa = PBXSourcesBuildPhase;
			buildActionMask = 2147483647;
			files = (
			);
			runOnlyForDeploymentPostprocessing = 0;
		};
		C49DEA112F338E2300111227 /* Sources */ = {
			isa = PBXSourcesBuildPhase;
			buildActionMask = 2147483647;
			files = (
			);
			runOnlyForDeploymentPostprocessing = 0;
		};
/* End PBXSourcesBuildPhase section */

/* Begin PBXTargetDependency section */
		C49DEA0D2F338E2300111227 /* PBXTargetDependency */ = {
			isa = PBXTargetDependency;
			target = C49DE9FD2F338E2200111227 /* MobileBankIOS */;
			targetProxy = C49DEA0C2F338E2300111227 /* PBXContainerItemProxy */;
		};
		C49DEA172F338E2300111227 /* PBXTargetDependency */ = {
			isa = PBXTargetDependency;
			target = C49DE9FD2F338E2200111227 /* MobileBankIOS */;
			targetProxy = C49DEA162F338E2300111227 /* PBXContainerItemProxy */;
		};
/* End PBXTargetDependency section */

/* Begin XCBuildConfiguration section */
		C49DEA1D2F338E2300111227 /* Debug */ = {
			isa = XCBuildConfiguration;
			buildSettings = {
				ALWAYS_SEARCH_USER_PATHS = NO;
				ASSETCATALOG_COMPILER_GENERATE_SWIFT_ASSET_SYMBOL_EXTENSIONS = YES;
				CLANG_ANALYZER_NONNULL = YES;
				CLANG_ANALYZER_NUMBER_OBJECT_CONVERSION = YES_AGGRESSIVE;
				CLANG_CXX_LANGUAGE_STANDARD = "gnu++20";
				CLANG_ENABLE_MODULES = YES;
				CLANG_ENABLE_OBJC_ARC = YES;
				CLANG_ENABLE_OBJC_WEAK = YES;
				CLANG_WARN_BLOCK_CAPTURE_AUTORELEASING = YES;
				CLANG_WARN_BOOL_CONVERSION = YES;
				CLANG_WARN_COMMA = YES;
				CLANG_WARN_CONSTANT_CONVERSION = YES;
				CLANG_WARN_DEPRECATED_OBJC_IMPLEMENTATIONS = YES;
				CLANG_WARN_DIRECT_OBJC_ISA_USAGE = YES_ERROR;
				CLANG_WARN_DOCUMENTATION_COMMENTS = YES;
				CLANG_WARN_EMPTY_BODY = YES;
				CLANG_WARN_ENUM_CONVERSION = YES;
				CLANG_WARN_INFINITE_RECURSION = YES;
				CLANG_WARN_INT_CONVERSION = YES;
				CLANG_WARN_NON_LITERAL_NULL_CONVERSION = YES;
				CLANG_WARN_OBJC_IMPLICIT_RETAIN_SELF = YES;
				CLANG_WARN_OBJC_LITERAL_CONVERSION = YES;
				CLANG_WARN_OBJC_ROOT_CLASS = YES_ERROR;
				CLANG_WARN_QUOTED_INCLUDE_IN_FRAMEWORK_HEADER = YES;
				CLANG_WARN_RANGE_LOOP_ANALYSIS = YES;
				CLANG_WARN_STRICT_PROTOTYPES = YES;
				CLANG_WARN_SUSPICIOUS_MOVE = YES;
				CLANG_WARN_UNGUARDED_AVAILABILITY = YES_AGGRESSIVE;
				CLANG_WARN_UNREACHABLE_CODE = YES;
				CLANG_WARN__DUPLICATE_METHOD_MATCH = YES;
				COPY_PHASE_STRIP = NO;
				DEBUG_INFORMATION_FORMAT = dwarf;
				ENABLE_STRICT_OBJC_MSGSEND = YES;
				ENABLE_TESTABILITY = YES;
				ENABLE_USER_SCRIPT_SANDBOXING = YES;
				GCC_C_LANGUAGE_STANDARD = gnu17;
				GCC_DYNAMIC_NO_PIC = NO;
				GCC_NO_COMMON_BLOCKS = YES;
				GCC_OPTIMIZATION_LEVEL = 0;
				GCC_PREPROCESSOR_DEFINITIONS = (
					"DEBUG=1",
					"$(inherited)",
				);
				GCC_WARN_64_TO_32_BIT_CONVERSION = YES;
				GCC_WARN_ABOUT_RETURN_TYPE = YES_ERROR;
				GCC_WARN_UNDECLARED_SELECTOR = YES;
				GCC_WARN_UNINITIALIZED_AUTOS = YES_AGGRESSIVE;
				GCC_WARN_UNUSED_FUNCTION = YES;
				GCC_WARN_UNUSED_VARIABLE = YES;
				IPHONEOS_DEPLOYMENT_TARGET = 18.5;
				LOCALIZATION_PREFERS_STRING_CATALOGS = YES;
				MTL_ENABLE_DEBUG_INFO = INCLUDE_SOURCE;
				MTL_FAST_MATH = YES;
				ONLY_ACTIVE_ARCH = YES;
				SDKROOT = iphoneos;
				SWIFT_ACTIVE_COMPILATION_CONDITIONS = "DEBUG $(inherited)";
				SWIFT_OPTIMIZATION_LEVEL = "-Onone";
			};
			name = Debug;
		};
		C49DEA1E2F338E2300111227 /* Release */ = {
			isa = XCBuildConfiguration;
			buildSettings = {
				ALWAYS_SEARCH_USER_PATHS = NO;
				ASSETCATALOG_COMPILER_GENERATE_SWIFT_ASSET_SYMBOL_EXTENSIONS = YES;
				CLANG_ANALYZER_NONNULL = YES;
				CLANG_ANALYZER_NUMBER_OBJECT_CONVERSION = YES_AGGRESSIVE;
				CLANG_CXX_LANGUAGE_STANDARD = "gnu++20";
				CLANG_ENABLE_MODULES = YES;
				CLANG_ENABLE_OBJC_ARC = YES;
				CLANG_ENABLE_OBJC_WEAK = YES;
				CLANG_WARN_BLOCK_CAPTURE_AUTORELEASING = YES;
				CLANG_WARN_BOOL_CONVERSION = YES;
				CLANG_WARN_COMMA = YES;
				CLANG_WARN_CONSTANT_CONVERSION = YES;
				CLANG_WARN_DEPRECATED_OBJC_IMPLEMENTATIONS = YES;
				CLANG_WARN_DIRECT_OBJC_ISA_USAGE = YES_ERROR;
				CLANG_WARN_DOCUMENTATION_COMMENTS = YES;
				CLANG_WARN_EMPTY_BODY = YES;
				CLANG_WARN_ENUM_CONVERSION = YES;
				CLANG_WARN_INFINITE_RECURSION = YES;
				CLANG_WARN_INT_CONVERSION = YES;
				CLANG_WARN_NON_LITERAL_NULL_CONVERSION = YES;
				CLANG_WARN_OBJC_IMPLICIT_RETAIN_SELF = YES;
				CLANG_WARN_OBJC_LITERAL_CONVERSION = YES;
				CLANG_WARN_OBJC_ROOT_CLASS = YES_ERROR;
				CLANG_WARN_QUOTED_INCLUDE_IN_FRAMEWORK_HEADER = YES;
				CLANG_WARN_RANGE_LOOP_ANALYSIS = YES;
				CLANG_WARN_STRICT_PROTOTYPES = YES;
				CLANG_WARN_SUSPICIOUS_MOVE = YES;
				CLANG_WARN_UNGUARDED_AVAILABILITY = YES_AGGRESSIVE;
				CLANG_WARN_UNREACHABLE_CODE = YES;
				CLANG_WARN__DUPLICATE_METHOD_MATCH = YES;
				COPY_PHASE_STRIP = NO;
				DEBUG_INFORMATION_FORMAT = "dwarf-with-dsym";
				ENABLE_NS_ASSERTIONS = NO;
				ENABLE_STRICT_OBJC_MSGSEND = YES;
				ENABLE_USER_SCRIPT_SANDBOXING = YES;
				GCC_C_LANGUAGE_STANDARD = gnu17;
				GCC_NO_COMMON_BLOCKS = YES;
				GCC_WARN_64_TO_32_BIT_CONVERSION = YES;
				GCC_WARN_ABOUT_RETURN_TYPE = YES_ERROR;
				GCC_WARN_UNDECLARED_SELECTOR = YES;
				GCC_WARN_UNINITIALIZED_AUTOS = YES_AGGRESSIVE;
				GCC_WARN_UNUSED_FUNCTION = YES;
				GCC_WARN_UNUSED_VARIABLE = YES;
				IPHONEOS_DEPLOYMENT_TARGET = 18.5;
				LOCALIZATION_PREFERS_STRING_CATALOGS = YES;
				MTL_ENABLE_DEBUG_INFO = NO;
				MTL_FAST_MATH = YES;
				SDKROOT = iphoneos;
				SWIFT_COMPILATION_MODE = wholemodule;
				VALIDATE_PRODUCT = YES;
			};
			name = Release;
		};
		C49DEA202F338E2300111227 /* Debug */ = {
			isa = XCBuildConfiguration;
			buildSettings = {
				ASSETCATALOG_COMPILER_APPICON_NAME = AppIcon;
				ASSETCATALOG_COMPILER_GLOBAL_ACCENT_COLOR_NAME = AccentColor;
				CODE_SIGN_STYLE = Automatic;
				CURRENT_PROJECT_VERSION = 1;
				ENABLE_PREVIEWS = YES;
				GENERATE_INFOPLIST_FILE = YES;
				INFOPLIST_KEY_UIApplicationSceneManifest_Generation = YES;
				INFOPLIST_KEY_UIApplicationSupportsIndirectInputEvents = YES;
				INFOPLIST_KEY_UILaunchScreen_Generation = YES;
				INFOPLIST_KEY_UISupportedInterfaceOrientations_iPad = "UIInterfaceOrientationPortrait UIInterfaceOrientationPortraitUpsideDown UIInterfaceOrientationLandscapeLeft UIInterfaceOrientationLandscapeRight";
				INFOPLIST_KEY_UISupportedInterfaceOrientations_iPhone = "UIInterfaceOrientationPortrait UIInterfaceOrientationLandscapeLeft UIInterfaceOrientationLandscapeRight";
				LD_RUNPATH_SEARCH_PATHS = (
					"$(inherited)",
					"@executable_path/Frameworks",
				);
				MARKETING_VERSION = 1.0;
				PRODUCT_BUNDLE_IDENTIFIER = com.raniafadiel.MobileBankIOS;
				PRODUCT_NAME = "$(TARGET_NAME)";
				SWIFT_EMIT_LOC_STRINGS = YES;
				SWIFT_VERSION = 5.0;
				TARGETED_DEVICE_FAMILY = "1,2";
			};
			name = Debug;
		};
		C49DEA212F338E2300111227 /* Release */ = {
			isa = XCBuildConfiguration;
			buildSettings = {
				ASSETCATALOG_COMPILER_APPICON_NAME = AppIcon;
				ASSETCATALOG_COMPILER_GLOBAL_ACCENT_COLOR_NAME = AccentColor;
				CODE_SIGN_STYLE = Automatic;
				CURRENT_PROJECT_VERSION = 1;
				ENABLE_PREVIEWS = YES;
				GENERATE_INFOPLIST_FILE = YES;
				INFOPLIST_KEY_UIApplicationSceneManifest_Generation = YES;
				INFOPLIST_KEY_UIApplicationSupportsIndirectInputEvents = YES;
				INFOPLIST_KEY_UILaunchScreen_Generation = YES;
				INFOPLIST_KEY_UISupportedInterfaceOrientations_iPad = "UIInterfaceOrientationPortrait UIInterfaceOrientationPortraitUpsideDown UIInterfaceOrientationLandscapeLeft UIInterfaceOrientationLandscapeRight";
				INFOPLIST_KEY_UISupportedInterfaceOrientations_iPhone = "UIInterfaceOrientationPortrait UIInterfaceOrientationLandscapeLeft UIInterfaceOrientationLandscapeRight";
				LD_RUNPATH_SEARCH_PATHS = (
					"$(inherited)",
					"@executable_path/Frameworks",
				);
				MARKETING_VERSION = 1.0;
				PRODUCT_BUNDLE_IDENTIFIER = com.raniafadiel.MobileBankIOS;
				PRODUCT_NAME = "$(TARGET_NAME)";
				SWIFT_EMIT_LOC_STRINGS = YES;
				SWIFT_VERSION = 5.0;
				TARGETED_DEVICE_FAMILY = "1,2";
			};
			name = Release;
		};
		C49DEA232F338E2300111227 /* Debug */ = {
			isa = XCBuildConfiguration;
			buildSettings = {
				BUNDLE_LOADER = "$(TEST_HOST)";
				CODE_SIGN_STYLE = Automatic;
				CURRENT_PROJECT_VERSION = 1;
				GENERATE_INFOPLIST_FILE = YES;
				IPHONEOS_DEPLOYMENT_TARGET = 18.5;
				MARKETING_VERSION = 1.0;
				PRODUCT_BUNDLE_IDENTIFIER = com.raniafadiel.MobileBankIOSTests;
				PRODUCT_NAME = "$(TARGET_NAME)";
				SWIFT_EMIT_LOC_STRINGS = NO;
				SWIFT_VERSION = 5.0;
				TARGETED_DEVICE_FAMILY = "1,2";
				TEST_HOST = "$(BUILT_PRODUCTS_DIR)/MobileBankIOS.app/$(BUNDLE_EXECUTABLE_FOLDER_PATH)/MobileBankIOS";
			};
			name = Debug;
		};
		C49DEA242F338E2300111227 /* Release */ = {
			isa = XCBuildConfiguration;
			buildSettings = {
				BUNDLE_LOADER = "$(TEST_HOST)";
				CODE_SIGN_STYLE = Automatic;
				CURRENT_PROJECT_VERSION = 1;
				GENERATE_INFOPLIST_FILE = YES;
				IPHONEOS_DEPLOYMENT_TARGET = 18.5;
				MARKETING_VERSION = 1.0;
				PRODUCT_BUNDLE_IDENTIFIER = com.raniafadiel.MobileBankIOSTests;
				PRODUCT_NAME = "$(TARGET_NAME)";
				SWIFT_EMIT_LOC_STRINGS = NO;
				SWIFT_VERSION = 5.0;
				TARGETED_DEVICE_FAMILY = "1,2";
				TEST_HOST = "$(BUILT_PRODUCTS_DIR)/MobileBankIOS.app/$(BUNDLE_EXECUTABLE_FOLDER_PATH)/MobileBankIOS";
			};
			name = Release;
		};
		C49DEA262F338E2300111227 /* Debug */ = {
			isa = XCBuildConfiguration;
			buildSettings = {
				CODE_SIGN_STYLE = Automatic;
				CURRENT_PROJECT_VERSION = 1;
				GENERATE_INFOPLIST_FILE = YES;
				MARKETING_VERSION = 1.0;
				PRODUCT_BUNDLE_IDENTIFIER = com.raniafadiel.MobileBankIOSUITests;
				PRODUCT_NAME = "$(TARGET_NAME)";
				SWIFT_EMIT_LOC_STRINGS = NO;
				SWIFT_VERSION = 5.0;
				TARGETED_DEVICE_FAMILY = "1,2";
				TEST_TARGET_NAME = MobileBankIOS;
			};
			name = Debug;
		};
		C49DEA272F338E2300111227 /* Release */ = {
			isa = XCBuildConfiguration;
			buildSettings = {
				CODE_SIGN_STYLE = Automatic;
				CURRENT_PROJECT_VERSION = 1;
				GENERATE_INFOPLIST_FILE = YES;
				MARKETING_VERSION = 1.0;
				PRODUCT_BUNDLE_IDENTIFIER = com.raniafadiel.MobileBankIOSUITests;
				PRODUCT_NAME = "$(TARGET_NAME)";
				SWIFT_EMIT_LOC_STRINGS = NO;
				SWIFT_VERSION = 5.0;
				TARGETED_DEVICE_FAMILY = "1,2";
				TEST_TARGET_NAME = MobileBankIOS;
			};
			name = Release;
		};
/* End XCBuildConfiguration section */

/* Begin XCConfigurationList section */
		C49DE9F92F338E2200111227 /* Build configuration list for PBXProject "MobileBankIOS" */ = {
			isa = XCConfigurationList;
			buildConfigurations = (
				C49DEA1D2F338E2300111227 /* Debug */,
				C49DEA1E2F338E2300111227 /* Release */,
			);
			defaultConfigurationIsVisible = 0;
			defaultConfigurationName = Release;
		};
		C49DEA1F2F338E2300111227 /* Build configuration list for PBXNativeTarget "MobileBankIOS" */ = {
			isa = XCConfigurationList;
			buildConfigurations = (
				C49DEA202F338E2300111227 /* Debug */,
				C49DEA212F338E2300111227 /* Release */,
			);
			defaultConfigurationIsVisible = 0;
			defaultConfigurationName = Release;
		};
		C49DEA222F338E2300111227 /* Build configuration list for PBXNativeTarget "MobileBankIOSTests" */ = {
			isa = XCConfigurationList;
			buildConfigurations = (
				C49DEA232F338E2300111227 /* Debug */,
				C49DEA242F338E2300111227 /* Release */,
			);
			defaultConfigurationIsVisible = 0;
			defaultConfigurationName = Release;
		};
		C49DEA252F338E2300111227 /* Build configuration list for PBXNativeTarget "MobileBankIOSUITests" */ = {
			isa = XCConfigurationList;
			buildConfigurations = (
				C49DEA262F338E2300111227 /* Debug */,
				C49DEA272F338E2300111227 /* Release */,
			);
			defaultConfigurationIsVisible = 0;
			defaultConfigurationName = Release;
		};
/* End XCConfigurationList section */
	};
	rootObject = C49DE9F62F338E2200111227 /* Project object */;
}
